
Microsoft Visual Studio Solution File, Format Version 12.00
# Visual Studio Version 16
VisualStudioVersion = 16.0.29306.81
MinimumVisualStudioVersion = 10.0.40219.1
Project("{FAE04EC0-301F-11D3-BF4B-00C04F79EFBC}") = "HansaWorldParser", "HansaWorldParser.csproj", "{967E8643-F92A-40CE-BBA6-54D980BAE01B}"
EndProject
Global
	GlobalSection(SolutionConfigurationPlatforms) = preSolution
		Debug|Any CPU = Debug|Any CPU
		Release|Any CPU = Release|Any CPU
	EndGlobalSection
	GlobalSection(ProjectConfigurationPlatforms) = postSolution
		{967E8643-F92A-40CE-BBA6-54D980BAE01B}.Debug|Any CPU.ActiveCfg = Debug|Any CPU
		{967E8643-F92A-40CE-BBA6-54D980BAE01B}.Debug|Any CPU.Build.0 = Debug|Any CPU
		{967E8643-F92A-40CE-BBA6-54D980BAE01B}.Release|Any CPU.ActiveCfg = Release|Any CPU
		{967E8643-F92A-40CE-BBA6-54D980BAE01B}.Release|Any CPU.Build.0 = Release|Any CPU
	EndGlobalSection
	GlobalSection(SolutionProperties) = preSolution
		HideSolutionNode = FALSE
	EndGlobalSection
	GlobalSection(ExtensibilityGlobals) = postSolution
		SolutionGuid = {6844A131-1244-49D4-878E-25CC26BE9F6F}
	EndGlobalSection
EndGlobal
